
Microsoft Visual Studio Solution File, Format Version 12.00
# Visual Studio 15
VisualStudioVersion = 15.0.28307.1231
MinimumVisualStudioVersion = 10.0.40219.1
Project("{8BC9CEB8-8B4A-11D0-8D11-00A0C91BC942}") = "school_project", "school_project\school_project.vcxproj", "{4F81CC82-F01F-48A2-9B2B-2F841C70027B}"
EndProject
Global
	GlobalSection(SolutionConfigurationPlatforms) = preSolution
		Debug|x64 = Debug|x64
		Debug|x86 = Debug|x86
		Release|x64 = Release|x64
		Release|x86 = Release|x86
	EndGlobalSection
	GlobalSection(ProjectConfigurationPlatforms) = postSolution
		{4F81CC82-F01F-48A2-9B2B-2F841C70027B}.Debug|x64.ActiveCfg = Debug|x64
		{4F81CC82-F01F-48A2-9B2B-2F841C70027B}.Debug|x64.Build.0 = Debug|x64
		{4F81CC82-F01F-48A2-9B2B-2F841C70027B}.Debug|x86.ActiveCfg = Debug|Win32
		{4F81CC82-F01F-48A2-9B2B-2F841C70027B}.Debug|x86.Build.0 = Debug|Win32
		{4F81CC82-F01F-48A2-9B2B-2F841C70027B}.Release|x64.ActiveCfg = Release|x64
		{4F81CC82-F01F-48A2-9B2B-2F841C70027B}.Release|x64.Build.0 = Release|x64
		{4F81CC82-F01F-48A2-9B2B-2F841C70027B}.Release|x86.ActiveCfg = Release|Win32
		{4F81CC82-F01F-48A2-9B2B-2F841C70027B}.Release|x86.Build.0 = Release|Win32
	EndGlobalSection
	GlobalSection(SolutionProperties) = preSolution
		HideSolutionNode = FALSE
	EndGlobalSection
	GlobalSection(ExtensibilityGlobals) = postSolution
		SolutionGuid = {181EF094-E9D7-44E7-8711-00F0466213CD}
	EndGlobalSection
EndGlobal
